// !$*UTF8*$!
{
	archiveVersion = 1;
	classes = {
	};
	objectVersion = 46;
	objects = {

/* Begin PBXBuildFile section */
		C395722B1A8188BD008C296D /* main.cpp in Sources */ = {isa = PBXBuildFile; fileRef = C395722A1A8188BD008C296D /* main.cpp */; };
		C39572321A818A56008C296D /* README.md in Sources */ = {isa = PBXBuildFile; fileRef = C39572311A818A56008C296D /* README.md */; };
/* End PBXBuildFile section */

/* Begin PBXCopyFilesBuildPhase section */
		C39572251A8188BD008C296D /* CopyFiles */ = {
			isa = PBXCopyFilesBuildPhase;
			buildActionMask = 2147483647;
			dstPath = /usr/share/man/man1/;
			dstSubfolderSpec = 0;
			files = (
			);
			runOnlyForDeploymentPostprocessing = 1;
		};
/* End PBXCopyFilesBuildPhase section */

/* Begin PBXFileReference section */
		C39572271A8188BD008C296D /* 100A-Assignments */ = {isa = PBXFileReference; explicitFileType = "compiled.mach-o.executable"; includeInIndex = 0; path = "100A-Assignments"; sourceTree = BUILT_PRODUCTS_DIR; };
		C395722A1A8188BD008C296D /* main.cpp */ = {isa = PBXFileReference; lastKnownFileType = sourcecode.cpp.cpp; path = main.cpp; sourceTree = "<group>"; };
		C39572311A818A56008C296D /* README.md */ = {isa = PBXFileReference; fileEncoding = 4; lastKnownFileType = net.daringfireball.markdown; path = README.md; sourceTree = "<group>"; };
/* End PBXFileReference section */

/* Begin PBXFrameworksBuildPhase section */
		C39572241A8188BD008C296D /* Frameworks */ = {
			isa = PBXFrameworksBuildPhase;
			buildActionMask = 2147483647;
			files = (
			);
			runOnlyForDeploymentPostprocessing = 0;
		};
/* End PBXFrameworksBuildPhase section */

/* Begin PBXGroup section */
		C395721E1A8188BD008C296D = {
			isa = PBXGroup;
			children = (
				C39572311A818A56008C296D /* README.md */,
				C39572291A8188BD008C296D /* 100A-Assignments */,
				C39572281A8188BD008C296D /* Products */,
			);
			sourceTree = "<group>";
		};
		C39572281A8188BD008C296D /* Products */ = {
			isa = PBXGroup;
			children = (
				C39572271A8188BD008C296D /* 100A-Assignments */,
			);
			name = Products;
			sourceTree = "<group>";
		};
		C39572291A8188BD008C296D /* 100A-Assignments */ = {
			isa = PBXGroup;
			children = (
				C395722A1A8188BD008C296D /* main.cpp */,
			);
			path = "100A-Assignments";
			sourceTree = "<group>";
		};
/* End PBXGroup section */

/* Begin PBXNativeTarget section */
		C39572261A8188BD008C296D /* 100A-Assignments */ = {
			isa = PBXNativeTarget;
			buildConfigurationList = C395722E1A8188BD008C296D /* Build configuration list for PBXNativeTarget "100A-Assignments" */;
			buildPhases = (
				C39572231A8188BD008C296D /* Sources */,
				C39572241A8188BD008C296D /* Frameworks */,
				C39572251A8188BD008C296D /* CopyFiles */,
			);
			buildRules = (
			);
			dependencies = (
			);
			name = "100A-Assignments";
			productName = "100A-Assignments";
			productReference = C39572271A8188BD008C296D /* 100A-Assignments */;
			productType = "com.apple.product-type.tool";
		};
/* End PBXNativeTarget section */

/* Begin PBXProject section */
		C395721F1A8188BD008C296D /* Project object */ = {
			isa = PBXProject;
			attributes = {
				LastUpgradeCheck = 0610;
				ORGANIZATIONNAME = "Satya Kolla";
				TargetAttributes = {
					C39572261A8188BD008C296D = {
						CreatedOnToolsVersion = 6.1;
					};
				};
			};
			buildConfigurationList = C39572221A8188BD008C296D /* Build configuration list for PBXProject "100A-Assignments" */;
			compatibilityVersion = "Xcode 3.2";
			developmentRegion = English;
			hasScannedForEncodings = 0;
			knownRegions = (
				en,
			);
			mainGroup = C395721E1A8188BD008C296D;
			productRefGroup = C39572281A8188BD008C296D /* Products */;
			projectDirPath = "";
			projectRoot = "";
			targets = (
				C39572261A8188BD008C296D /* 100A-Assignments */,
			);
		};
/* End PBXProject section */

/* Begin PBXSourcesBuildPhase section */
		C39572231A8188BD008C296D /* Sources */ = {
			isa = PBXSourcesBuildPhase;
			buildActionMask = 2147483647;
			files = (
				C39572321A818A56008C296D /* README.md in Sources */,
				C395722B1A8188BD008C296D /* main.cpp in Sources */,
			);
			runOnlyForDeploymentPostprocessing = 0;
		};
/* End PBXSourcesBuildPhase section */

/* Begin XCBuildConfiguration section */
		C395722C1A8188BD008C296D /* Debug */ = {
			isa = XCBuildConfiguration;
			buildSettings = {
				ALWAYS_SEARCH_USER_PATHS = NO;
				CLANG_CXX_LANGUAGE_STANDARD = "gnu++0x";
				CLANG_CXX_LIBRARY = "libc++";
				CLANG_ENABLE_MODULES = YES;
				CLANG_ENABLE_OBJC_ARC = YES;
				CLANG_WARN_BOOL_CONVERSION = YES;
				CLANG_WARN_CONSTANT_CONVERSION = YES;
				CLANG_WARN_DIRECT_OBJC_ISA_USAGE = YES_ERROR;
				CLANG_WARN_EMPTY_BODY = YES;
				CLANG_WARN_ENUM_CONVERSION = YES;
				CLANG_WARN_INT_CONVERSION = YES;
				CLANG_WARN_OBJC_ROOT_CLASS = YES_ERROR;
				CLANG_WARN_UNREACHABLE_CODE = YES;
				CLANG_WARN__DUPLICATE_METHOD_MATCH = YES;
				COPY_PHASE_STRIP = NO;
				ENABLE_STRICT_OBJC_MSGSEND = YES;
				GCC_C_LANGUAGE_STANDARD = gnu99;
				GCC_DYNAMIC_NO_PIC = NO;
				GCC_OPTIMIZATION_LEVEL = 0;
				GCC_PREPROCESSOR_DEFINITIONS = (
					"DEBUG=1",
					"$(inherited)",
				);
				GCC_SYMBOLS_PRIVATE_EXTERN = NO;
				GCC_WARN_64_TO_32_BIT_CONVERSION = YES;
				GCC_WARN_ABOUT_RETURN_TYPE = YES_ERROR;
				GCC_WARN_UNDECLARED_SELECTOR = YES;
				GCC_WARN_UNINITIALIZED_AUTOS = YES_AGGRESSIVE;
				GCC_WARN_UNUSED_FUNCTION = YES;
				GCC_WARN_UNUSED_VARIABLE = YES;
				MACOSX_DEPLOYMENT_TARGET = 10.9;
				MTL_ENABLE_DEBUG_INFO = YES;
				ONLY_ACTIVE_ARCH = YES;
				SDKROOT = macosx;
			};
			name = Debug;
		};
		C395722D1A8188BD008C296D /* Release */ = {
			isa = XCBuildConfiguration;
			buildSettings = {
				ALWAYS_SEARCH_USER_PATHS = NO;
				CLANG_CXX_LANGUAGE_STANDARD = "gnu++0x";
				CLANG_CXX_LIBRARY = "libc++";
				CLANG_ENABLE_MODULES = YES;
				CLANG_ENABLE_OBJC_ARC = YES;
				CLANG_WARN_BOOL_CONVERSION = YES;
				CLANG_WARN_CONSTANT_CONVERSION = YES;
				CLANG_WARN_DIRECT_OBJC_ISA_USAGE = YES_ERROR;
				CLANG_WARN_EMPTY_BODY = YES;
				CLANG_WARN_ENUM_CONVERSION = YES;
				CLANG_WARN_INT_CONVERSION = YES;
				CLANG_WARN_OBJC_ROOT_CLASS = YES_ERROR;
				CLANG_WARN_UNREACHABLE_CODE = YES;
				CLANG_WARN__DUPLICATE_METHOD_MATCH = YES;
				COPY_PHASE_STRIP = YES;
				DEBUG_INFORMATION_FORMAT = "dwarf-with-dsym";
				ENABLE_NS_ASSERTIONS = NO;
				ENABLE_STRICT_OBJC_MSGSEND = YES;
				GCC_C_LANGUAGE_STANDARD = gnu99;
				GCC_WARN_64_TO_32_BIT_CONVERSION = YES;
				GCC_WARN_ABOUT_RETURN_TYPE = YES_ERROR;
				GCC_WARN_UNDECLARED_SELECTOR = YES;
				GCC_WARN_UNINITIALIZED_AUTOS = YES_AGGRESSIVE;
				GCC_WARN_UNUSED_FUNCTION = YES;
				GCC_WARN_UNUSED_VARIABLE = YES;
				MACOSX_DEPLOYMENT_TARGET = 10.9;
				MTL_ENABLE_DEBUG_INFO = NO;
				SDKROOT = macosx;
			};
			name = Release;
		};
		C395722F1A8188BD008C296D /* Debug */ = {
			isa = XCBuildConfiguration;
			buildSettings = {
				PRODUCT_NAME = "$(TARGET_NAME)";
			};
			name = Debug;
		};
		C39572301A8188BD008C296D /* Release */ = {
			isa = XCBuildConfiguration;
			buildSettings = {
				PRODUCT_NAME = "$(TARGET_NAME)";
			};
			name = Release;
		};
/* End XCBuildConfiguration section */

/* Begin XCConfigurationList section */
		C39572221A8188BD008C296D /* Build configuration list for PBXProject "100A-Assignments" */ = {
			isa = XCConfigurationList;
			buildConfigurations = (
				C395722C1A8188BD008C296D /* Debug */,
				C395722D1A8188BD008C296D /* Release */,
			);
			defaultConfigurationIsVisible = 0;
			defaultConfigurationName = Release;
		};
		C395722E1A8188BD008C296D /* Build configuration list for PBXNativeTarget "100A-Assignments" */ = {
			isa = XCConfigurationList;
			buildConfigurations = (
				C395722F1A8188BD008C296D /* Debug */,
				C39572301A8188BD008C296D /* Release */,
			);
			defaultConfigurationIsVisible = 0;
			defaultConfigurationName = Release;
		};
/* End XCConfigurationList section */
	};
	rootObject = C395721F1A8188BD008C296D /* Project object */;
}
